{
  "name": "trivy-fixture",
  "version": "1.0.0",
  "lockfileVersion": 3,
  "requires": true,
  "packages": {
    "": {
      "name": "trivy-fixture",
      "version": "1.0.0",
      "dependencies": {
        "lodash": "4.17.15"
      }
    },
    "node_modules/lodash": {
      "version": "4.17.15",
      "resolved": "https://registry.npmjs.org/lodash/-/lodash-4.17.15.tgz",
      "integrity": "sha512-8xg0V6bjR/6QPkIilETNbruegJdClMUzh7oHClIjxByMoQLAjFET/8t8MznSk8RG6ZAGNSdz8c0v/I3A0IVYw==",
      "license": "MIT"
    }
  }
}
